
Microsoft Visual Studio Solution File, Format Version 12.00
# Visual Studio Version 16
VisualStudioVersion = 16.0.30330.147
MinimumVisualStudioVersion = 10.0.40219.1
Project("{FAE04EC0-301F-11D3-BF4B-00C04F79EFBC}") = "FIT5032_W04_ModelFirst", "FIT5032_W04_ModelFirst.csproj", "{DE429909-5358-4AC0-8199-47EAA3FE70EB}"
EndProject
Global
	GlobalSection(SolutionConfigurationPlatforms) = preSolution
		Debug|Any CPU = Debug|Any CPU
		Release|Any CPU = Release|Any CPU
	EndGlobalSection
	GlobalSection(ProjectConfigurationPlatforms) = postSolution
		{DE429909-5358-4AC0-8199-47EAA3FE70EB}.Debug|Any CPU.ActiveCfg = Debug|Any CPU
		{DE429909-5358-4AC0-8199-47EAA3FE70EB}.Debug|Any CPU.Build.0 = Debug|Any CPU
		{DE429909-5358-4AC0-8199-47EAA3FE70EB}.Release|Any CPU.ActiveCfg = Release|Any CPU
		{DE429909-5358-4AC0-8199-47EAA3FE70EB}.Release|Any CPU.Build.0 = Release|Any CPU
	EndGlobalSection
	GlobalSection(SolutionProperties) = preSolution
		HideSolutionNode = FALSE
	EndGlobalSection
	GlobalSection(ExtensibilityGlobals) = postSolution
		SolutionGuid = {07381FE1-14C6-47DB-A952-AC4DB4E04F8E}
	EndGlobalSection
EndGlobal
