
Microsoft Visual Studio Solution File, Format Version 12.00
# Visual Studio Version 16
VisualStudioVersion = 16.0.30330.147
MinimumVisualStudioVersion = 10.0.40219.1
Project("{FAE04EC0-301F-11D3-BF4B-00C04F79EFBC}") = "FIT5032_W07", "FIT5032_W07.csproj", "{BB484B1B-8896-4361-AF9F-6840ED48CE2A}"
EndProject
Global
	GlobalSection(SolutionConfigurationPlatforms) = preSolution
		Debug|Any CPU = Debug|Any CPU
		Release|Any CPU = Release|Any CPU
	EndGlobalSection
	GlobalSection(ProjectConfigurationPlatforms) = postSolution
		{BB484B1B-8896-4361-AF9F-6840ED48CE2A}.Debug|Any CPU.ActiveCfg = Debug|Any CPU
		{BB484B1B-8896-4361-AF9F-6840ED48CE2A}.Debug|Any CPU.Build.0 = Debug|Any CPU
		{BB484B1B-8896-4361-AF9F-6840ED48CE2A}.Release|Any CPU.ActiveCfg = Release|Any CPU
		{BB484B1B-8896-4361-AF9F-6840ED48CE2A}.Release|Any CPU.Build.0 = Release|Any CPU
	EndGlobalSection
	GlobalSection(SolutionProperties) = preSolution
		HideSolutionNode = FALSE
	EndGlobalSection
	GlobalSection(ExtensibilityGlobals) = postSolution
		SolutionGuid = {1B090277-E6E8-486D-A249-EE13F4712CA9}
	EndGlobalSection
EndGlobal
